
Microsoft Visual Studio Solution File, Format Version 12.00
# Visual Studio Version 17
VisualStudioVersion = 17.5.33516.290
MinimumVisualStudioVersion = 10.0.40219.1
Project("{2150E333-8FDC-42A3-9474-1A3956D46DE8}") = "src", "src", "{6D9C5EF2-53D2-4A0D-97A6-9DDD3A11AEC2}"
EndProject
Project("{2150E333-8FDC-42A3-9474-1A3956D46DE8}") = "backend", "backend", "{AD678FFA-474C-4806-9E44-DD6425186B80}"
EndProject
Project("{9A19103F-16F7-4668-BE54-9A1E7A4F7556}") = "HSMD.Infrastructure.Data", "src\backend\HSMD.infrastructure.Data\HSMD.Infrastructure.Data.csproj", "{099EDC16-BADE-4978-AEB5-06051EB4656E}"
EndProject
Project("{9A19103F-16F7-4668-BE54-9A1E7A4F7556}") = "HSMD.Infrastructure_Identity", "src\backend\HSMD.Infrastructure_Identity\HSMD.Infrastructure_Identity.csproj", "{94470304-8030-40DE-A0A7-CA956E1AD920}"
EndProject
Project("{FAE04EC0-301F-11D3-BF4B-00C04F79EFBC}") = "HSMD.WebAPI", "src\backend\HSMD.WebAPI\HSMD.WebAPI.csproj", "{3A7792DB-85E7-4A66-AD91-2B349C425888}"
EndProject
Project("{FAE04EC0-301F-11D3-BF4B-00C04F79EFBC}") = "HSMD.Domain", "src\backend\HSMD.Domain\HSMD.Domain.csproj", "{DBA34BCB-B525-4BFE-A5ED-E3FE1544C8C5}"
EndProject
Project("{FAE04EC0-301F-11D3-BF4B-00C04F79EFBC}") = "HSMD.Application", "HSMD.Application\HSMD.Application.csproj", "{C1B52698-6918-4F6A-9F6A-40D5394DA05D}"
EndProject
Global
	GlobalSection(SolutionConfigurationPlatforms) = preSolution
		Debug|Any CPU = Debug|Any CPU
		Release|Any CPU = Release|Any CPU
	EndGlobalSection
	GlobalSection(ProjectConfigurationPlatforms) = postSolution
		{099EDC16-BADE-4978-AEB5-06051EB4656E}.Debug|Any CPU.ActiveCfg = Debug|Any CPU
		{099EDC16-BADE-4978-AEB5-06051EB4656E}.Debug|Any CPU.Build.0 = Debug|Any CPU
		{099EDC16-BADE-4978-AEB5-06051EB4656E}.Release|Any CPU.ActiveCfg = Release|Any CPU
		{099EDC16-BADE-4978-AEB5-06051EB4656E}.Release|Any CPU.Build.0 = Release|Any CPU
		{94470304-8030-40DE-A0A7-CA956E1AD920}.Debug|Any CPU.ActiveCfg = Debug|Any CPU
		{94470304-8030-40DE-A0A7-CA956E1AD920}.Debug|Any CPU.Build.0 = Debug|Any CPU
		{94470304-8030-40DE-A0A7-CA956E1AD920}.Release|Any CPU.ActiveCfg = Release|Any CPU
		{94470304-8030-40DE-A0A7-CA956E1AD920}.Release|Any CPU.Build.0 = Release|Any CPU
		{3A7792DB-85E7-4A66-AD91-2B349C425888}.Debug|Any CPU.ActiveCfg = Debug|Any CPU
		{3A7792DB-85E7-4A66-AD91-2B349C425888}.Debug|Any CPU.Build.0 = Debug|Any CPU
		{3A7792DB-85E7-4A66-AD91-2B349C425888}.Release|Any CPU.ActiveCfg = Release|Any CPU
		{3A7792DB-85E7-4A66-AD91-2B349C425888}.Release|Any CPU.Build.0 = Release|Any CPU
		{DBA34BCB-B525-4BFE-A5ED-E3FE1544C8C5}.Debug|Any CPU.ActiveCfg = Debug|Any CPU
		{DBA34BCB-B525-4BFE-A5ED-E3FE1544C8C5}.Debug|Any CPU.Build.0 = Debug|Any CPU
		{DBA34BCB-B525-4BFE-A5ED-E3FE1544C8C5}.Release|Any CPU.ActiveCfg = Release|Any CPU
		{DBA34BCB-B525-4BFE-A5ED-E3FE1544C8C5}.Release|Any CPU.Build.0 = Release|Any CPU
		{C1B52698-6918-4F6A-9F6A-40D5394DA05D}.Debug|Any CPU.ActiveCfg = Debug|Any CPU
		{C1B52698-6918-4F6A-9F6A-40D5394DA05D}.Debug|Any CPU.Build.0 = Debug|Any CPU
		{C1B52698-6918-4F6A-9F6A-40D5394DA05D}.Release|Any CPU.ActiveCfg = Release|Any CPU
		{C1B52698-6918-4F6A-9F6A-40D5394DA05D}.Release|Any CPU.Build.0 = Release|Any CPU
	EndGlobalSection
	GlobalSection(SolutionProperties) = preSolution
		HideSolutionNode = FALSE
	EndGlobalSection
	GlobalSection(NestedProjects) = preSolution
		{AD678FFA-474C-4806-9E44-DD6425186B80} = {6D9C5EF2-53D2-4A0D-97A6-9DDD3A11AEC2}
		{099EDC16-BADE-4978-AEB5-06051EB4656E} = {AD678FFA-474C-4806-9E44-DD6425186B80}
		{94470304-8030-40DE-A0A7-CA956E1AD920} = {AD678FFA-474C-4806-9E44-DD6425186B80}
		{3A7792DB-85E7-4A66-AD91-2B349C425888} = {AD678FFA-474C-4806-9E44-DD6425186B80}
		{DBA34BCB-B525-4BFE-A5ED-E3FE1544C8C5} = {AD678FFA-474C-4806-9E44-DD6425186B80}
		{C1B52698-6918-4F6A-9F6A-40D5394DA05D} = {AD678FFA-474C-4806-9E44-DD6425186B80}
	EndGlobalSection
	GlobalSection(ExtensibilityGlobals) = postSolution
		SolutionGuid = {F5DF9179-9468-4416-9E0D-C0856D7D8DFD}
	EndGlobalSection
EndGlobal
